# This file is automatically generated by vipm.
# It is not intended for manual editing.

version = 2
revision = 0
updated-at = "2026-09-30T09:58:57.160097780Z"
requires-labview = "2021"

[[vipm.repo]]
name = "NI LabVIEW Tools Network"
uri = "http://download.ni.com/evaluation/labview/lvtn/vipm"

[[vipm.repo]]
name = "VIPM Community"
uri = "http://www.jkisoft.com/packages"

[[package]]
name = "jdp_science_jsontext"
version = "1.9.1.125"
manager = "vipm"
dependencies = ["jdp_science_lib_common_utilities"]
resolution-source = "repo"

[[package.source]]
repo = "NI LabVIEW Tools Network"
checksum = "md5:1eb6255ec31ab431fe7da7aa2a4beeac"

[[package]]
name = "jdp_science_lib_common_utilities"
version = "1.4.2.19"
manager = "vipm"
resolution-source = "repo"

[[package.source]]
repo = "NI LabVIEW Tools Network"
checksum = "sha256:f3bfe18f75fd5485c398a41e4328c75eadab267666af69f3f99ea17dd3b7a49a"

[[package]]
name = "jki_lib_caraya"
version = "1.4.4.148"
manager = "vipm"
dependencies = [
    "jki_lib_state_machine",
    "jki_rsc_toolkits_palette",
]
resolution-source = "repo"

[[package.source]]
repo = "VIPM Community"
checksum = "md5:aa97541b975f31b92afc95822b59626a"

[[package]]
name = "jki_lib_state_machine"
version = "2024.0.3.23"
manager = "vipm"
dependencies = ["jki_rsc_toolkits_palette"]
group = "dev"
resolution-source = "repo"

[[package.source]]
repo = "VIPM Community"
checksum = "md5:58d05fd50ecd54c4f1bfc05d47064f61"

[[package]]
name = "jki_lib_vipm_api"
version = "2020.0.3.80"
manager = "vipm"
group = "dev"
resolution-source = "repo"

[[package.source]]
repo = "VIPM Community"
checksum = "md5:cb505625a4ff64539096f041ad32f687"

[[package]]
name = "jki_rsc_toolkits_palette"
version = "1.1-1"
manager = "vipm"
group = "dev"
resolution-source = "repo"

[[package.source]]
repo = "VIPM Community"
checksum = "md5:d8e12776ee5532544b44cc7ab43045f8"

[[package]]
name = "sas_workshops_lib_lvbuildspec_for_g_cli"
version = "1.2.1.104"
manager = "vipm"
dependencies = ["wiresmith_technology_lib_g_cli"]
resolution-source = "repo"

[[package.source]]
repo = "VIPM Community"
checksum = "md5:52e086b74929d6e1da3bbdaa6238ebc1"

[[package]]
name = "sas_workshops_lib_vipb_builder_for_g_cli"
version = "1.1.6.46"
manager = "vipm"
dependencies = [
    "jki_lib_vipm_api",
    "wiresmith_technology_lib_g_cli",
]
resolution-source = "repo"

[[package.source]]
repo = "VIPM Community"
checksum = "md5:b2fddfd5015cbf48a2fd433278c0776f"

[[package]]
name = "wiresmith_technology_lib_g_cli"
version = "3.0.1.98"
manager = "vipm"
group = "dev"
resolution-source = "repo"

[[package.source]]
repo = "VIPM Community"
checksum = "md5:afd65a73b9c5719d91830db7a021d111"
