name: Bootstrap Runner Dependency Lock

on:
  workflow_dispatch:
  pull_request:
    types:
      - opened
      - synchronize
      - reopened

jobs:
  generate-lock:
    name: Generate runner dependency lock
    if: ${{ github.event_name != 'pull_request' || github.event.pull_request.head.repo.full_name == github.repository }}
    runs-on: ubuntu-latest
    container:
      image: nationalinstruments/labview:2026q1patch2-linux

    env:
      LABVIEW_VERSION_YEAR: "2026"

    steps:
      - name: Checkout code
        uses: actions/checkout@v4

      - name: Create display setup script
        run: |
          cat > setup-display.sh << 'EOF'
          TARGET_DISPLAY=:99
          export DISPLAY="$TARGET_DISPLAY"
          if ! pgrep -x Xvfb > /dev/null; then
              Xvfb "$TARGET_DISPLAY" -screen 0 1280x720x24 -ac +extension GLX +render -noreset \
                  > /tmp/xvfb.log 2>&1 &
          fi
          # Without this marker file the LabVIEW Runtime Engine may not start properly.
          mkdir -p /tmp/natinst && echo "1" > /tmp/natinst/LVContainer.txt
          echo "$(pgrep -x Xvfb > /dev/null && echo "Xvfb running (DISPLAY=$TARGET_DISPLAY)" || echo "WARNING: Xvfb is required by vipm, but failed to start; DISPLAY=$DISPLAY may not work. Check /tmp/xvfb.log for details.")"
          EOF

      - name: Install VIPM
        run: |
          wget -O /tmp/vipm.deb https://packages.jki.net/vipm/preview/vipm_latest_preview_amd64.deb
          dpkg -i /tmp/vipm.deb
          rm /tmp/vipm.deb

      - name: Activate VIPM
        run: |
          source setup-display.sh
          vipm activate \
            --serial-number "${{ secrets.VIPM_SERIAL_NUMBER }}" \
            --name "${{ secrets.VIPM_FULL_NAME }}" \
            --email "${{ secrets.VIPM_EMAIL }}"

      - name: Refresh package sources
        run: |
          source setup-display.sh
          vipm refresh

      - name: Generate runner dependency lock
        run: |
          source setup-display.sh
          /usr/local/natinst/LabVIEW-${LABVIEW_VERSION_YEAR}-64/labview --headless &

          project_dir="$(mktemp -d)"
          cp Tooling/deployment/runner_dependencies.toml "$project_dir/vipm.toml"
          cd "$project_dir"
          vipm lock --labview-version "$LABVIEW_VERSION_YEAR" --labview-bitness 64

          mkdir -p "$GITHUB_WORKSPACE/runner-dependency-lock-artifact"
          cp vipm.lock "$GITHUB_WORKSPACE/runner-dependency-lock-artifact/runner_dependencies.lock"

      - name: Upload generated lock
        if: always()
        uses: actions/upload-artifact@v4
        with:
          name: runner-dependency-lock
          path: runner-dependency-lock-artifact/runner_dependencies.lock
          if-no-files-found: error
          retention-days: 7